
Microsoft Visual Studio Solution File, Format Version 12.00
# Visual Studio Version 16
VisualStudioVersion = 16.0.28803.352
MinimumVisualStudioVersion = 10.0.40219.1
Project("{FAE04EC0-301F-11D3-BF4B-00C04F79EFBC}") = "MockTest", "MockTest\MockTest.csproj", "{4733BF74-A733-42B1-94B5-3136B23D2EEE}"
EndProject
Global
	GlobalSection(SolutionConfigurationPlatforms) = preSolution
		Debug|Any CPU = Debug|Any CPU
		Release|Any CPU = Release|Any CPU
	EndGlobalSection
	GlobalSection(ProjectConfigurationPlatforms) = postSolution
		{4733BF74-A733-42B1-94B5-3136B23D2EEE}.Debug|Any CPU.ActiveCfg = Debug|Any CPU
		{4733BF74-A733-42B1-94B5-3136B23D2EEE}.Debug|Any CPU.Build.0 = Debug|Any CPU
		{4733BF74-A733-42B1-94B5-3136B23D2EEE}.Release|Any CPU.ActiveCfg = Release|Any CPU
		{4733BF74-A733-42B1-94B5-3136B23D2EEE}.Release|Any CPU.Build.0 = Release|Any CPU
	EndGlobalSection
	GlobalSection(SolutionProperties) = preSolution
		HideSolutionNode = FALSE
	EndGlobalSection
	GlobalSection(ExtensibilityGlobals) = postSolution
		SolutionGuid = {929C357B-8C7D-4ADB-9BB1-B472E2A67080}
	EndGlobalSection
EndGlobal
